
Microsoft Visual Studio Solution File, Format Version 12.00
# Visual Studio Version 16
VisualStudioVersion = 16.0.31402.337
MinimumVisualStudioVersion = 10.0.40219.1
Project("{FAE04EC0-301F-11D3-BF4B-00C04F79EFBC}") = "Restaurants", "Restaurants.csproj", "{0EEEC585-CBDC-4BD9-8016-B4DF7233BBFD}"
EndProject
Global
	GlobalSection(SolutionConfigurationPlatforms) = preSolution
		Debug|Any CPU = Debug|Any CPU
		Release|Any CPU = Release|Any CPU
	EndGlobalSection
	GlobalSection(ProjectConfigurationPlatforms) = postSolution
		{0EEEC585-CBDC-4BD9-8016-B4DF7233BBFD}.Debug|Any CPU.ActiveCfg = Debug|Any CPU
		{0EEEC585-CBDC-4BD9-8016-B4DF7233BBFD}.Debug|Any CPU.Build.0 = Debug|Any CPU
		{0EEEC585-CBDC-4BD9-8016-B4DF7233BBFD}.Release|Any CPU.ActiveCfg = Release|Any CPU
		{0EEEC585-CBDC-4BD9-8016-B4DF7233BBFD}.Release|Any CPU.Build.0 = Release|Any CPU
	EndGlobalSection
	GlobalSection(SolutionProperties) = preSolution
		HideSolutionNode = FALSE
	EndGlobalSection
	GlobalSection(ExtensibilityGlobals) = postSolution
		SolutionGuid = {AC07EF40-9728-4B3A-B352-67E18854A92E}
	EndGlobalSection
EndGlobal
